
Microsoft Visual Studio Solution File, Format Version 12.00
# Visual Studio 15
VisualStudioVersion = 15.0.28307.539
MinimumVisualStudioVersion = 10.0.40219.1
Project("{FAE04EC0-301F-11D3-BF4B-00C04F79EFBC}") = "GoodParseETL", "GoodParseETL\GoodParseETL.csproj", "{11518E89-5DBA-42D3-9BD3-2A35120E8A78}"
EndProject
Global
	GlobalSection(SolutionConfigurationPlatforms) = preSolution
		Debug|Any CPU = Debug|Any CPU
		Release|Any CPU = Release|Any CPU
	EndGlobalSection
	GlobalSection(ProjectConfigurationPlatforms) = postSolution
		{11518E89-5DBA-42D3-9BD3-2A35120E8A78}.Debug|Any CPU.ActiveCfg = Debug|Any CPU
		{11518E89-5DBA-42D3-9BD3-2A35120E8A78}.Debug|Any CPU.Build.0 = Debug|Any CPU
		{11518E89-5DBA-42D3-9BD3-2A35120E8A78}.Release|Any CPU.ActiveCfg = Release|Any CPU
		{11518E89-5DBA-42D3-9BD3-2A35120E8A78}.Release|Any CPU.Build.0 = Release|Any CPU
	EndGlobalSection
	GlobalSection(SolutionProperties) = preSolution
		HideSolutionNode = FALSE
	EndGlobalSection
	GlobalSection(ExtensibilityGlobals) = postSolution
		SolutionGuid = {B05205E2-7ABF-478C-9E81-059035C9F46E}
	EndGlobalSection
EndGlobal
